
Microsoft Visual Studio Solution File, Format Version 12.00
# Visual Studio Version 17
VisualStudioVersion = 17.13.35913.81
MinimumVisualStudioVersion = 10.0.40219.1
Project("{FAE04EC0-301F-11D3-BF4B-00C04F79EFBC}") = "ConsoleApp1", "ConsoleApp1\ConsoleApp1.csproj", "{EF2FBE9A-B250-4AD2-84BA-E199193CEE8C}"
EndProject
Project("{2150E333-8FDC-42A3-9474-1A3956D46DE8}") = "Baekjoon.Common", "Baekjoon.Common", "{C8D5274F-AC00-46C7-1F8D-E88E81087A52}"
EndProject
Project("{FAE04EC0-301F-11D3-BF4B-00C04F79EFBC}") = "Baekjoon.Common", "Baekjoon.Common\Baekjoon.Common.csproj", "{DA539D20-504E-9E08-1BBA-4B940374A01B}"
EndProject
Project("{FAE04EC0-301F-11D3-BF4B-00C04F79EFBC}") = "Baekjoon.2557_HelloWorld", "Baekjoon.2557_HelloWorld\Baekjoon.2557_HelloWorld.csproj", "{03CE1372-934F-4B02-99F6-9071B3F93B8B}"
EndProject
Project("{FAE04EC0-301F-11D3-BF4B-00C04F79EFBC}") = "Baekjoon.1000_Add", "Baekjoon.1000_Add\Baekjoon.1000_Add.csproj", "{BDB90E5E-26FB-4FB8-A00D-3363E72EF520}"
EndProject
Project("{FAE04EC0-301F-11D3-BF4B-00C04F79EFBC}") = "Baekjoon.1001_Sub", "Baekjoon.1001_Sub\Baekjoon.1001_Sub.csproj", "{79D2DF9C-05B1-4DBB-BE87-B4BFF942B149}"
EndProject
Project("{FAE04EC0-301F-11D3-BF4B-00C04F79EFBC}") = "Baekjoon.10998_Multi", "Baekjoon.10998_Multi\Baekjoon.10998_Multi.csproj", "{8A4A0A11-3A27-49A3-A838-A1D29C8E91C3}"
EndProject
Project("{FAE04EC0-301F-11D3-BF4B-00C04F79EFBC}") = "Baekjoon.1008_Divide", "Baekjoon.1008_Divide\Baekjoon.1008_Divide.csproj", "{531892B1-F507-48AC-9B9C-F8653AFBA184}"
EndProject
Project("{FAE04EC0-301F-11D3-BF4B-00C04F79EFBC}") = "Baekjoon.10869_Operation", "Baekjoon.10869_Operation\Baekjoon.10869_Operation.csproj", "{356E9642-846E-44D3-94E4-75D73BD1B8D0}"
EndProject
Project("{FAE04EC0-301F-11D3-BF4B-00C04F79EFBC}") = "Baekjoon.1330_Comp", "Baekjoon.1330_Comp\Baekjoon.1330_Comp.csproj", "{0D5E9A35-337F-4015-A137-3AC95A3176A3}"
EndProject
Global
	GlobalSection(SolutionConfigurationPlatforms) = preSolution
		Debug|Any CPU = Debug|Any CPU
		Debug|x64 = Debug|x64
		Debug|x86 = Debug|x86
		Release|Any CPU = Release|Any CPU
		Release|x64 = Release|x64
		Release|x86 = Release|x86
	EndGlobalSection
	GlobalSection(ProjectConfigurationPlatforms) = postSolution
		{EF2FBE9A-B250-4AD2-84BA-E199193CEE8C}.Debug|Any CPU.ActiveCfg = Debug|Any CPU
		{EF2FBE9A-B250-4AD2-84BA-E199193CEE8C}.Debug|Any CPU.Build.0 = Debug|Any CPU
		{EF2FBE9A-B250-4AD2-84BA-E199193CEE8C}.Debug|x64.ActiveCfg = Debug|Any CPU
		{EF2FBE9A-B250-4AD2-84BA-E199193CEE8C}.Debug|x64.Build.0 = Debug|Any CPU
		{EF2FBE9A-B250-4AD2-84BA-E199193CEE8C}.Debug|x86.ActiveCfg = Debug|Any CPU
		{EF2FBE9A-B250-4AD2-84BA-E199193CEE8C}.Debug|x86.Build.0 = Debug|Any CPU
		{EF2FBE9A-B250-4AD2-84BA-E199193CEE8C}.Release|Any CPU.ActiveCfg = Release|Any CPU
		{EF2FBE9A-B250-4AD2-84BA-E199193CEE8C}.Release|Any CPU.Build.0 = Release|Any CPU
		{EF2FBE9A-B250-4AD2-84BA-E199193CEE8C}.Release|x64.ActiveCfg = Release|Any CPU
		{EF2FBE9A-B250-4AD2-84BA-E199193CEE8C}.Release|x64.Build.0 = Release|Any CPU
		{EF2FBE9A-B250-4AD2-84BA-E199193CEE8C}.Release|x86.ActiveCfg = Release|Any CPU
		{EF2FBE9A-B250-4AD2-84BA-E199193CEE8C}.Release|x86.Build.0 = Release|Any CPU
		{DA539D20-504E-9E08-1BBA-4B940374A01B}.Debug|Any CPU.ActiveCfg = Debug|Any CPU
		{DA539D20-504E-9E08-1BBA-4B940374A01B}.Debug|Any CPU.Build.0 = Debug|Any CPU
		{DA539D20-504E-9E08-1BBA-4B940374A01B}.Debug|x64.ActiveCfg = Debug|Any CPU
		{DA539D20-504E-9E08-1BBA-4B940374A01B}.Debug|x64.Build.0 = Debug|Any CPU
		{DA539D20-504E-9E08-1BBA-4B940374A01B}.Debug|x86.ActiveCfg = Debug|Any CPU
		{DA539D20-504E-9E08-1BBA-4B940374A01B}.Debug|x86.Build.0 = Debug|Any CPU
		{DA539D20-504E-9E08-1BBA-4B940374A01B}.Release|Any CPU.ActiveCfg = Release|Any CPU
		{DA539D20-504E-9E08-1BBA-4B940374A01B}.Release|Any CPU.Build.0 = Release|Any CPU
		{DA539D20-504E-9E08-1BBA-4B940374A01B}.Release|x64.ActiveCfg = Release|Any CPU
		{DA539D20-504E-9E08-1BBA-4B940374A01B}.Release|x64.Build.0 = Release|Any CPU
		{DA539D20-504E-9E08-1BBA-4B940374A01B}.Release|x86.ActiveCfg = Release|Any CPU
		{DA539D20-504E-9E08-1BBA-4B940374A01B}.Release|x86.Build.0 = Release|Any CPU
		{03CE1372-934F-4B02-99F6-9071B3F93B8B}.Debug|Any CPU.ActiveCfg = Debug|Any CPU
		{03CE1372-934F-4B02-99F6-9071B3F93B8B}.Debug|Any CPU.Build.0 = Debug|Any CPU
		{03CE1372-934F-4B02-99F6-9071B3F93B8B}.Debug|x64.ActiveCfg = Debug|Any CPU
		{03CE1372-934F-4B02-99F6-9071B3F93B8B}.Debug|x64.Build.0 = Debug|Any CPU
		{03CE1372-934F-4B02-99F6-9071B3F93B8B}.Debug|x86.ActiveCfg = Debug|Any CPU
		{03CE1372-934F-4B02-99F6-9071B3F93B8B}.Debug|x86.Build.0 = Debug|Any CPU
		{03CE1372-934F-4B02-99F6-9071B3F93B8B}.Release|Any CPU.ActiveCfg = Release|Any CPU
		{03CE1372-934F-4B02-99F6-9071B3F93B8B}.Release|Any CPU.Build.0 = Release|Any CPU
		{03CE1372-934F-4B02-99F6-9071B3F93B8B}.Release|x64.ActiveCfg = Release|Any CPU
		{03CE1372-934F-4B02-99F6-9071B3F93B8B}.Release|x64.Build.0 = Release|Any CPU
		{03CE1372-934F-4B02-99F6-9071B3F93B8B}.Release|x86.ActiveCfg = Release|Any CPU
		{03CE1372-934F-4B02-99F6-9071B3F93B8B}.Release|x86.Build.0 = Release|Any CPU
		{BDB90E5E-26FB-4FB8-A00D-3363E72EF520}.Debug|Any CPU.ActiveCfg = Debug|Any CPU
		{BDB90E5E-26FB-4FB8-A00D-3363E72EF520}.Debug|Any CPU.Build.0 = Debug|Any CPU
		{BDB90E5E-26FB-4FB8-A00D-3363E72EF520}.Debug|x64.ActiveCfg = Debug|Any CPU
		{BDB90E5E-26FB-4FB8-A00D-3363E72EF520}.Debug|x64.Build.0 = Debug|Any CPU
		{BDB90E5E-26FB-4FB8-A00D-3363E72EF520}.Debug|x86.ActiveCfg = Debug|Any CPU
		{BDB90E5E-26FB-4FB8-A00D-3363E72EF520}.Debug|x86.Build.0 = Debug|Any CPU
		{BDB90E5E-26FB-4FB8-A00D-3363E72EF520}.Release|Any CPU.ActiveCfg = Release|Any CPU
		{BDB90E5E-26FB-4FB8-A00D-3363E72EF520}.Release|Any CPU.Build.0 = Release|Any CPU
		{BDB90E5E-26FB-4FB8-A00D-3363E72EF520}.Release|x64.ActiveCfg = Release|Any CPU
		{BDB90E5E-26FB-4FB8-A00D-3363E72EF520}.Release|x64.Build.0 = Release|Any CPU
		{BDB90E5E-26FB-4FB8-A00D-3363E72EF520}.Release|x86.ActiveCfg = Release|Any CPU
		{BDB90E5E-26FB-4FB8-A00D-3363E72EF520}.Release|x86.Build.0 = Release|Any CPU
		{79D2DF9C-05B1-4DBB-BE87-B4BFF942B149}.Debug|Any CPU.ActiveCfg = Debug|Any CPU
		{79D2DF9C-05B1-4DBB-BE87-B4BFF942B149}.Debug|Any CPU.Build.0 = Debug|Any CPU
		{79D2DF9C-05B1-4DBB-BE87-B4BFF942B149}.Debug|x64.ActiveCfg = Debug|Any CPU
		{79D2DF9C-05B1-4DBB-BE87-B4BFF942B149}.Debug|x64.Build.0 = Debug|Any CPU
		{79D2DF9C-05B1-4DBB-BE87-B4BFF942B149}.Debug|x86.ActiveCfg = Debug|Any CPU
		{79D2DF9C-05B1-4DBB-BE87-B4BFF942B149}.Debug|x86.Build.0 = Debug|Any CPU
		{79D2DF9C-05B1-4DBB-BE87-B4BFF942B149}.Release|Any CPU.ActiveCfg = Release|Any CPU
		{79D2DF9C-05B1-4DBB-BE87-B4BFF942B149}.Release|Any CPU.Build.0 = Release|Any CPU
		{79D2DF9C-05B1-4DBB-BE87-B4BFF942B149}.Release|x64.ActiveCfg = Release|Any CPU
		{79D2DF9C-05B1-4DBB-BE87-B4BFF942B149}.Release|x64.Build.0 = Release|Any CPU
		{79D2DF9C-05B1-4DBB-BE87-B4BFF942B149}.Release|x86.ActiveCfg = Release|Any CPU
		{79D2DF9C-05B1-4DBB-BE87-B4BFF942B149}.Release|x86.Build.0 = Release|Any CPU
		{8A4A0A11-3A27-49A3-A838-A1D29C8E91C3}.Debug|Any CPU.ActiveCfg = Debug|Any CPU
		{8A4A0A11-3A27-49A3-A838-A1D29C8E91C3}.Debug|Any CPU.Build.0 = Debug|Any CPU
		{8A4A0A11-3A27-49A3-A838-A1D29C8E91C3}.Debug|x64.ActiveCfg = Debug|Any CPU
		{8A4A0A11-3A27-49A3-A838-A1D29C8E91C3}.Debug|x64.Build.0 = Debug|Any CPU
		{8A4A0A11-3A27-49A3-A838-A1D29C8E91C3}.Debug|x86.ActiveCfg = Debug|Any CPU
		{8A4A0A11-3A27-49A3-A838-A1D29C8E91C3}.Debug|x86.Build.0 = Debug|Any CPU
		{8A4A0A11-3A27-49A3-A838-A1D29C8E91C3}.Release|Any CPU.ActiveCfg = Release|Any CPU
		{8A4A0A11-3A27-49A3-A838-A1D29C8E91C3}.Release|Any CPU.Build.0 = Release|Any CPU
		{8A4A0A11-3A27-49A3-A838-A1D29C8E91C3}.Release|x64.ActiveCfg = Release|Any CPU
		{8A4A0A11-3A27-49A3-A838-A1D29C8E91C3}.Release|x64.Build.0 = Release|Any CPU
		{8A4A0A11-3A27-49A3-A838-A1D29C8E91C3}.Release|x86.ActiveCfg = Release|Any CPU
		{8A4A0A11-3A27-49A3-A838-A1D29C8E91C3}.Release|x86.Build.0 = Release|Any CPU
		{531892B1-F507-48AC-9B9C-F8653AFBA184}.Debug|Any CPU.ActiveCfg = Debug|Any CPU
		{531892B1-F507-48AC-9B9C-F8653AFBA184}.Debug|Any CPU.Build.0 = Debug|Any CPU
		{531892B1-F507-48AC-9B9C-F8653AFBA184}.Debug|x64.ActiveCfg = Debug|Any CPU
		{531892B1-F507-48AC-9B9C-F8653AFBA184}.Debug|x64.Build.0 = Debug|Any CPU
		{531892B1-F507-48AC-9B9C-F8653AFBA184}.Debug|x86.ActiveCfg = Debug|Any CPU
		{531892B1-F507-48AC-9B9C-F8653AFBA184}.Debug|x86.Build.0 = Debug|Any CPU
		{531892B1-F507-48AC-9B9C-F8653AFBA184}.Release|Any CPU.ActiveCfg = Release|Any CPU
		{531892B1-F507-48AC-9B9C-F8653AFBA184}.Release|Any CPU.Build.0 = Release|Any CPU
		{531892B1-F507-48AC-9B9C-F8653AFBA184}.Release|x64.ActiveCfg = Release|Any CPU
		{531892B1-F507-48AC-9B9C-F8653AFBA184}.Release|x64.Build.0 = Release|Any CPU
		{531892B1-F507-48AC-9B9C-F8653AFBA184}.Release|x86.ActiveCfg = Release|Any CPU
		{531892B1-F507-48AC-9B9C-F8653AFBA184}.Release|x86.Build.0 = Release|Any CPU
		{356E9642-846E-44D3-94E4-75D73BD1B8D0}.Debug|Any CPU.ActiveCfg = Debug|Any CPU
		{356E9642-846E-44D3-94E4-75D73BD1B8D0}.Debug|Any CPU.Build.0 = Debug|Any CPU
		{356E9642-846E-44D3-94E4-75D73BD1B8D0}.Debug|x64.ActiveCfg = Debug|Any CPU
		{356E9642-846E-44D3-94E4-75D73BD1B8D0}.Debug|x64.Build.0 = Debug|Any CPU
		{356E9642-846E-44D3-94E4-75D73BD1B8D0}.Debug|x86.ActiveCfg = Debug|Any CPU
		{356E9642-846E-44D3-94E4-75D73BD1B8D0}.Debug|x86.Build.0 = Debug|Any CPU
		{356E9642-846E-44D3-94E4-75D73BD1B8D0}.Release|Any CPU.ActiveCfg = Release|Any CPU
		{356E9642-846E-44D3-94E4-75D73BD1B8D0}.Release|Any CPU.Build.0 = Release|Any CPU
		{356E9642-846E-44D3-94E4-75D73BD1B8D0}.Release|x64.ActiveCfg = Release|Any CPU
		{356E9642-846E-44D3-94E4-75D73BD1B8D0}.Release|x64.Build.0 = Release|Any CPU
		{356E9642-846E-44D3-94E4-75D73BD1B8D0}.Release|x86.ActiveCfg = Release|Any CPU
		{356E9642-846E-44D3-94E4-75D73BD1B8D0}.Release|x86.Build.0 = Release|Any CPU
		{0D5E9A35-337F-4015-A137-3AC95A3176A3}.Debug|Any CPU.ActiveCfg = Debug|Any CPU
		{0D5E9A35-337F-4015-A137-3AC95A3176A3}.Debug|Any CPU.Build.0 = Debug|Any CPU
		{0D5E9A35-337F-4015-A137-3AC95A3176A3}.Debug|x64.ActiveCfg = Debug|Any CPU
		{0D5E9A35-337F-4015-A137-3AC95A3176A3}.Debug|x64.Build.0 = Debug|Any CPU
		{0D5E9A35-337F-4015-A137-3AC95A3176A3}.Debug|x86.ActiveCfg = Debug|Any CPU
		{0D5E9A35-337F-4015-A137-3AC95A3176A3}.Debug|x86.Build.0 = Debug|Any CPU
		{0D5E9A35-337F-4015-A137-3AC95A3176A3}.Release|Any CPU.ActiveCfg = Release|Any CPU
		{0D5E9A35-337F-4015-A137-3AC95A3176A3}.Release|Any CPU.Build.0 = Release|Any CPU
		{0D5E9A35-337F-4015-A137-3AC95A3176A3}.Release|x64.ActiveCfg = Release|Any CPU
		{0D5E9A35-337F-4015-A137-3AC95A3176A3}.Release|x64.Build.0 = Release|Any CPU
		{0D5E9A35-337F-4015-A137-3AC95A3176A3}.Release|x86.ActiveCfg = Release|Any CPU
		{0D5E9A35-337F-4015-A137-3AC95A3176A3}.Release|x86.Build.0 = Release|Any CPU
	EndGlobalSection
	GlobalSection(SolutionProperties) = preSolution
		HideSolutionNode = FALSE
	EndGlobalSection
	GlobalSection(NestedProjects) = preSolution
		{DA539D20-504E-9E08-1BBA-4B940374A01B} = {C8D5274F-AC00-46C7-1F8D-E88E81087A52}
	EndGlobalSection
	GlobalSection(ExtensibilityGlobals) = postSolution
		SolutionGuid = {FC0219C0-6E0D-476F-88BA-B6283ABAA798}
	EndGlobalSection
EndGlobal
